
Microsoft Visual Studio Solution File, Format Version 12.00
# Visual Studio 15
VisualStudioVersion = 15.0.27428.2011
MinimumVisualStudioVersion = 10.0.40219.1
Project("{FAE04EC0-301F-11D3-BF4B-00C04F79EFBC}") = "TP Previo", "TP Previo\TP Previo.csproj", "{FFAFF2ED-80E6-4947-86E7-ECC8AF771784}"
EndProject
Global
	GlobalSection(SolutionConfigurationPlatforms) = preSolution
		Debug|Any CPU = Debug|Any CPU
		Release|Any CPU = Release|Any CPU
	EndGlobalSection
	GlobalSection(ProjectConfigurationPlatforms) = postSolution
		{FFAFF2ED-80E6-4947-86E7-ECC8AF771784}.Debug|Any CPU.ActiveCfg = Debug|Any CPU
		{FFAFF2ED-80E6-4947-86E7-ECC8AF771784}.Debug|Any CPU.Build.0 = Debug|Any CPU
		{FFAFF2ED-80E6-4947-86E7-ECC8AF771784}.Release|Any CPU.ActiveCfg = Release|Any CPU
		{FFAFF2ED-80E6-4947-86E7-ECC8AF771784}.Release|Any CPU.Build.0 = Release|Any CPU
	EndGlobalSection
	GlobalSection(SolutionProperties) = preSolution
		HideSolutionNode = FALSE
	EndGlobalSection
	GlobalSection(ExtensibilityGlobals) = postSolution
		SolutionGuid = {09E0BC58-ACCA-48D6-A3F0-4ED242533953}
	EndGlobalSection
EndGlobal
